
Microsoft Visual Studio Solution File, Format Version 12.00
# Visual Studio Version 16
VisualStudioVersion = 16.0.30804.86
MinimumVisualStudioVersion = 10.0.40219.1
Project("{FAE04EC0-301F-11D3-BF4B-00C04F79EFBC}") = "RealWordExample_DecoratorDesignPattern", "RealWordExample_DecoratorDesignPattern\RealWordExample_DecoratorDesignPattern.csproj", "{9C45F71D-402F-4E38-90F9-CCE4AB1D6E53}"
EndProject
Global
	GlobalSection(SolutionConfigurationPlatforms) = preSolution
		Debug|Any CPU = Debug|Any CPU
		Release|Any CPU = Release|Any CPU
	EndGlobalSection
	GlobalSection(ProjectConfigurationPlatforms) = postSolution
		{9C45F71D-402F-4E38-90F9-CCE4AB1D6E53}.Debug|Any CPU.ActiveCfg = Debug|Any CPU
		{9C45F71D-402F-4E38-90F9-CCE4AB1D6E53}.Debug|Any CPU.Build.0 = Debug|Any CPU
		{9C45F71D-402F-4E38-90F9-CCE4AB1D6E53}.Release|Any CPU.ActiveCfg = Release|Any CPU
		{9C45F71D-402F-4E38-90F9-CCE4AB1D6E53}.Release|Any CPU.Build.0 = Release|Any CPU
	EndGlobalSection
	GlobalSection(SolutionProperties) = preSolution
		HideSolutionNode = FALSE
	EndGlobalSection
	GlobalSection(ExtensibilityGlobals) = postSolution
		SolutionGuid = {EEBD5250-98A3-4C0E-8602-91ECAF67D5D3}
	EndGlobalSection
EndGlobal
